
Microsoft Visual Studio Solution File, Format Version 12.00
# Visual Studio Version 17
VisualStudioVersion = 17.3.32922.545
MinimumVisualStudioVersion = 10.0.40219.1
Project("{9A19103F-16F7-4668-BE54-9A1E7A4F7556}") = "CSharp-Homework", "CSharp-Homework\CSharp-Homework.csproj", "{979BF6CE-E2C8-44E5-BD96-F06D092340EF}"
EndProject
Project("{9A19103F-16F7-4668-BE54-9A1E7A4F7556}") = "02. LinkedList", "02. LinkedList\02. LinkedList.csproj", "{2D5EA081-E869-4E5C-8F68-EBF78F6E4C23}"
EndProject
Project("{9A19103F-16F7-4668-BE54-9A1E7A4F7556}") = "03. Iterator", "03. Iterator\03. Iterator.csproj", "{EAADB7C2-05A0-4002-9711-222A925CA647}"
EndProject
Project("{9A19103F-16F7-4668-BE54-9A1E7A4F7556}") = "04. Stack", "04. Stack\04. Stack.csproj", "{8D8E2A12-08B4-4B24-9EA4-847E305192CB}"
EndProject
Project("{9A19103F-16F7-4668-BE54-9A1E7A4F7556}") = "05. Queue", "05. Queue\05. Queue.csproj", "{F7C44A37-A97D-4A78-A334-27CCA55C1418}"
EndProject
Project("{9A19103F-16F7-4668-BE54-9A1E7A4F7556}") = "06. Heap", "06. Heap\06. Heap.csproj", "{B9435D6D-0C3A-4B6F-81E2-79D4769915A2}"
EndProject
Project("{9A19103F-16F7-4668-BE54-9A1E7A4F7556}") = "07. BinarySearchTree", "07. BinarySearchTree\07. BinarySearchTree.csproj", "{EF0CF87E-2AA4-4B2A-89EF-4BBBF4DEF44E}"
EndProject
Project("{9A19103F-16F7-4668-BE54-9A1E7A4F7556}") = "08. HashTable", "08. HashTable\08. HashTable.csproj", "{5C14179F-78CD-4669-94F4-32C0A2A6ACFA}"
EndProject
Project("{9A19103F-16F7-4668-BE54-9A1E7A4F7556}") = "09. DesignTechnique", "09. DesignTechnique\09. DesignTechnique.csproj", "{2AAC0AA0-FFD8-4CB2-93E2-4BA21EAF5931}"
EndProject
Project("{9A19103F-16F7-4668-BE54-9A1E7A4F7556}") = "10. Sorting", "10. Sorting\10. Sorting.csproj", "{B06CD647-25CC-4532-A53C-443A63067EEE}"
EndProject
Project("{FAE04EC0-301F-11D3-BF4B-00C04F79EFBC}") = "11. Searching", "11. Searching\11. Searching.csproj", "{49BA7CFC-497E-4E5A-930E-A90A4290EE7A}"
EndProject
Global
	GlobalSection(SolutionConfigurationPlatforms) = preSolution
		Debug|Any CPU = Debug|Any CPU
		Release|Any CPU = Release|Any CPU
	EndGlobalSection
	GlobalSection(ProjectConfigurationPlatforms) = postSolution
		{979BF6CE-E2C8-44E5-BD96-F06D092340EF}.Debug|Any CPU.ActiveCfg = Debug|Any CPU
		{979BF6CE-E2C8-44E5-BD96-F06D092340EF}.Debug|Any CPU.Build.0 = Debug|Any CPU
		{979BF6CE-E2C8-44E5-BD96-F06D092340EF}.Release|Any CPU.ActiveCfg = Release|Any CPU
		{979BF6CE-E2C8-44E5-BD96-F06D092340EF}.Release|Any CPU.Build.0 = Release|Any CPU
		{2D5EA081-E869-4E5C-8F68-EBF78F6E4C23}.Debug|Any CPU.ActiveCfg = Debug|Any CPU
		{2D5EA081-E869-4E5C-8F68-EBF78F6E4C23}.Debug|Any CPU.Build.0 = Debug|Any CPU
		{2D5EA081-E869-4E5C-8F68-EBF78F6E4C23}.Release|Any CPU.ActiveCfg = Release|Any CPU
		{2D5EA081-E869-4E5C-8F68-EBF78F6E4C23}.Release|Any CPU.Build.0 = Release|Any CPU
		{EAADB7C2-05A0-4002-9711-222A925CA647}.Debug|Any CPU.ActiveCfg = Debug|Any CPU
		{EAADB7C2-05A0-4002-9711-222A925CA647}.Debug|Any CPU.Build.0 = Debug|Any CPU
		{EAADB7C2-05A0-4002-9711-222A925CA647}.Release|Any CPU.ActiveCfg = Release|Any CPU
		{EAADB7C2-05A0-4002-9711-222A925CA647}.Release|Any CPU.Build.0 = Release|Any CPU
		{8D8E2A12-08B4-4B24-9EA4-847E305192CB}.Debug|Any CPU.ActiveCfg = Debug|Any CPU
		{8D8E2A12-08B4-4B24-9EA4-847E305192CB}.Debug|Any CPU.Build.0 = Debug|Any CPU
		{8D8E2A12-08B4-4B24-9EA4-847E305192CB}.Release|Any CPU.ActiveCfg = Release|Any CPU
		{8D8E2A12-08B4-4B24-9EA4-847E305192CB}.Release|Any CPU.Build.0 = Release|Any CPU
		{F7C44A37-A97D-4A78-A334-27CCA55C1418}.Debug|Any CPU.ActiveCfg = Debug|Any CPU
		{F7C44A37-A97D-4A78-A334-27CCA55C1418}.Debug|Any CPU.Build.0 = Debug|Any CPU
		{F7C44A37-A97D-4A78-A334-27CCA55C1418}.Release|Any CPU.ActiveCfg = Release|Any CPU
		{F7C44A37-A97D-4A78-A334-27CCA55C1418}.Release|Any CPU.Build.0 = Release|Any CPU
		{B9435D6D-0C3A-4B6F-81E2-79D4769915A2}.Debug|Any CPU.ActiveCfg = Debug|Any CPU
		{B9435D6D-0C3A-4B6F-81E2-79D4769915A2}.Debug|Any CPU.Build.0 = Debug|Any CPU
		{B9435D6D-0C3A-4B6F-81E2-79D4769915A2}.Release|Any CPU.ActiveCfg = Release|Any CPU
		{B9435D6D-0C3A-4B6F-81E2-79D4769915A2}.Release|Any CPU.Build.0 = Release|Any CPU
		{EF0CF87E-2AA4-4B2A-89EF-4BBBF4DEF44E}.Debug|Any CPU.ActiveCfg = Debug|Any CPU
		{EF0CF87E-2AA4-4B2A-89EF-4BBBF4DEF44E}.Debug|Any CPU.Build.0 = Debug|Any CPU
		{EF0CF87E-2AA4-4B2A-89EF-4BBBF4DEF44E}.Release|Any CPU.ActiveCfg = Release|Any CPU
		{EF0CF87E-2AA4-4B2A-89EF-4BBBF4DEF44E}.Release|Any CPU.Build.0 = Release|Any CPU
		{5C14179F-78CD-4669-94F4-32C0A2A6ACFA}.Debug|Any CPU.ActiveCfg = Debug|Any CPU
		{5C14179F-78CD-4669-94F4-32C0A2A6ACFA}.Debug|Any CPU.Build.0 = Debug|Any CPU
		{5C14179F-78CD-4669-94F4-32C0A2A6ACFA}.Release|Any CPU.ActiveCfg = Release|Any CPU
		{5C14179F-78CD-4669-94F4-32C0A2A6ACFA}.Release|Any CPU.Build.0 = Release|Any CPU
		{2AAC0AA0-FFD8-4CB2-93E2-4BA21EAF5931}.Debug|Any CPU.ActiveCfg = Debug|Any CPU
		{2AAC0AA0-FFD8-4CB2-93E2-4BA21EAF5931}.Debug|Any CPU.Build.0 = Debug|Any CPU
		{2AAC0AA0-FFD8-4CB2-93E2-4BA21EAF5931}.Release|Any CPU.ActiveCfg = Release|Any CPU
		{2AAC0AA0-FFD8-4CB2-93E2-4BA21EAF5931}.Release|Any CPU.Build.0 = Release|Any CPU
		{B06CD647-25CC-4532-A53C-443A63067EEE}.Debug|Any CPU.ActiveCfg = Debug|Any CPU
		{B06CD647-25CC-4532-A53C-443A63067EEE}.Debug|Any CPU.Build.0 = Debug|Any CPU
		{B06CD647-25CC-4532-A53C-443A63067EEE}.Release|Any CPU.ActiveCfg = Release|Any CPU
		{B06CD647-25CC-4532-A53C-443A63067EEE}.Release|Any CPU.Build.0 = Release|Any CPU
		{49BA7CFC-497E-4E5A-930E-A90A4290EE7A}.Debug|Any CPU.ActiveCfg = Debug|Any CPU
		{49BA7CFC-497E-4E5A-930E-A90A4290EE7A}.Debug|Any CPU.Build.0 = Debug|Any CPU
		{49BA7CFC-497E-4E5A-930E-A90A4290EE7A}.Release|Any CPU.ActiveCfg = Release|Any CPU
		{49BA7CFC-497E-4E5A-930E-A90A4290EE7A}.Release|Any CPU.Build.0 = Release|Any CPU
	EndGlobalSection
	GlobalSection(SolutionProperties) = preSolution
		HideSolutionNode = FALSE
	EndGlobalSection
	GlobalSection(ExtensibilityGlobals) = postSolution
		SolutionGuid = {04B6D71D-05D2-4608-9997-FEC45E3DBBAF}
	EndGlobalSection
EndGlobal
